
Microsoft Visual Studio Solution File, Format Version 12.00
# Visual Studio Version 17
VisualStudioVersion = 17.2.32630.192
MinimumVisualStudioVersion = 10.0.40219.1
Project("{9A19103F-16F7-4668-BE54-9A1E7A4F7556}") = "R5T.L0064.Construction", "R5T.L0064.Construction\R5T.L0064.Construction.csproj", "{C6FA3D15-37B3-4CB0-B79B-E0AFD6CA575E}"
EndProject
Project("{9A19103F-16F7-4668-BE54-9A1E7A4F7556}") = "R5T.L0064", "R5T.L0064\R5T.L0064.csproj", "{7A4F08BE-9A46-43C7-BA0F-66C69B30194A}"
EndProject
Project("{9A19103F-16F7-4668-BE54-9A1E7A4F7556}") = "R5T.L0064.F001", "R5T.L0064.F001\R5T.L0064.F001.csproj", "{4A3A981F-535D-4CEA-A032-0B2C97F281B1}"
EndProject
Project("{2150E333-8FDC-42A3-9474-1A3956D46DE8}") = "_Dependencies", "_Dependencies", "{46781BD5-6E8F-4813-8E77-22FC065BC49E}"
EndProject
Project("{9A19103F-16F7-4668-BE54-9A1E7A4F7556}") = "R5T.F0000", "..\..\R5T.F0000\source\R5T.F0000\R5T.F0000.csproj", "{11FD4D7D-21B7-49EB-A0CC-EB98F7F9FD0B}"
EndProject
Project("{9A19103F-16F7-4668-BE54-9A1E7A4F7556}") = "R5T.F0002", "..\..\R5T.F0002\source\R5T.F0002\R5T.F0002.csproj", "{CB4DE70C-3467-430A-8430-8488B9F10F29}"
EndProject
Project("{9A19103F-16F7-4668-BE54-9A1E7A4F7556}") = "R5T.F0120", "..\..\R5T.F0120\source\R5T.F0120\R5T.F0120.csproj", "{A2CF37C5-9957-4E7C-B700-4C67F1F2F69E}"
EndProject
Project("{9A19103F-16F7-4668-BE54-9A1E7A4F7556}") = "R5T.F0124", "..\..\R5T.F0124\source\R5T.F0124\R5T.F0124.csproj", "{7A40BEC1-0CC2-49E9-85CB-6E40B50657BF}"
EndProject
Project("{9A19103F-16F7-4668-BE54-9A1E7A4F7556}") = "R5T.F0125", "..\..\R5T.F0125\source\R5T.F0125\R5T.F0125.csproj", "{9044D3D7-8ABF-4A19-8531-E23F053C4E12}"
EndProject
Project("{9A19103F-16F7-4668-BE54-9A1E7A4F7556}") = "R5T.L0030.T000", "..\..\R5T.L0030\source\R5T.L0030.T000\R5T.L0030.T000.csproj", "{0DD62567-150A-4610-A9BB-0973740BD594}"
EndProject
Project("{9A19103F-16F7-4668-BE54-9A1E7A4F7556}") = "R5T.L0030", "..\..\R5T.L0030\source\R5T.L0030\R5T.L0030.csproj", "{6A9CD4A5-B442-4565-9F5F-ED484DF6B8D3}"
EndProject
Project("{9A19103F-16F7-4668-BE54-9A1E7A4F7556}") = "R5T.L0034", "..\..\R5T.L0034\source\R5T.L0034\R5T.L0034.csproj", "{D3A933A8-250D-485F-B32B-C25DDDEC2A20}"
EndProject
Project("{9A19103F-16F7-4668-BE54-9A1E7A4F7556}") = "R5T.L0035", "..\..\R5T.L0035\source\R5T.L0035\R5T.L0035.csproj", "{8C6B8B7D-CD31-47E6-8F33-3D21B8940370}"
EndProject
Project("{9A19103F-16F7-4668-BE54-9A1E7A4F7556}") = "R5T.L0053", "..\..\R5T.L0053\source\R5T.L0053\R5T.L0053.csproj", "{AA8793A0-6FAD-44E0-AFCB-6D71A596891F}"
EndProject
Project("{9A19103F-16F7-4668-BE54-9A1E7A4F7556}") = "R5T.NG0022", "..\..\R5T.NG0022\source\R5T.NG0022\R5T.NG0022.csproj", "{3F1A4A8C-FACC-41FB-8364-83FA4DCD91D7}"
EndProject
Project("{9A19103F-16F7-4668-BE54-9A1E7A4F7556}") = "R5T.T0131", "..\..\R5T.T0131\source\R5T.T0131\R5T.T0131.csproj", "{B08B40C2-553F-4100-81BB-513FD37B1D82}"
EndProject
Project("{9A19103F-16F7-4668-BE54-9A1E7A4F7556}") = "R5T.T0132", "..\..\R5T.T0132\source\R5T.T0132\R5T.T0132.csproj", "{CA505831-C63A-43FC-887D-8351F77B76E7}"
EndProject
Project("{9A19103F-16F7-4668-BE54-9A1E7A4F7556}") = "R5T.T0142", "..\..\R5T.T0142\source\R5T.T0142\R5T.T0142.csproj", "{5C7DC252-82C4-41D9-BA68-AA8809D5E40D}"
EndProject
Project("{9A19103F-16F7-4668-BE54-9A1E7A4F7556}") = "R5T.T0143", "..\..\R5T.T0143\source\R5T.T0143\R5T.T0143.csproj", "{BF34DF8F-1D77-44A9-96E9-E9306BAFA89F}"
EndProject
Project("{9A19103F-16F7-4668-BE54-9A1E7A4F7556}") = "R5T.T0156", "..\..\R5T.T0156\source\R5T.T0156\R5T.T0156.csproj", "{9F7BC557-AD42-4B97-BB81-26CC5C47168B}"
EndProject
Project("{9A19103F-16F7-4668-BE54-9A1E7A4F7556}") = "R5T.T0174", "..\..\R5T.T0174\source\R5T.T0174\R5T.T0174.csproj", "{63B7320F-CA05-4C16-AD82-8131E725BF50}"
EndProject
Project("{9A19103F-16F7-4668-BE54-9A1E7A4F7556}") = "R5T.T0176", "..\..\R5T.T0176\source\R5T.T0176\R5T.T0176.csproj", "{6BC29AD5-68C8-422E-9EF3-CD5C61E2832A}"
EndProject
Project("{9A19103F-16F7-4668-BE54-9A1E7A4F7556}") = "R5T.T0177", "..\..\R5T.T0177\source\R5T.T0177\R5T.T0177.csproj", "{84B77313-7BDE-4BF3-BBD3-F2F84F65A63D}"
EndProject
Project("{9A19103F-16F7-4668-BE54-9A1E7A4F7556}") = "R5T.T0178", "..\..\R5T.T0178\source\R5T.T0178\R5T.T0178.csproj", "{19DE4103-4A3C-4BEF-B06C-1B329845E1CF}"
EndProject
Project("{9A19103F-16F7-4668-BE54-9A1E7A4F7556}") = "R5T.T0179", "..\..\R5T.T0179\source\R5T.T0179\R5T.T0179.csproj", "{BA44A345-03DB-4073-9863-5A37D7A27B06}"
EndProject
Project("{9A19103F-16F7-4668-BE54-9A1E7A4F7556}") = "R5T.T0180", "..\..\R5T.T0180\source\R5T.T0180\R5T.T0180.csproj", "{10671178-FCF9-407B-A07F-801AAF1E9E09}"
EndProject
Project("{9A19103F-16F7-4668-BE54-9A1E7A4F7556}") = "R5T.T0181", "..\..\R5T.T0181\source\R5T.T0181\R5T.T0181.csproj", "{CB7DF6C5-AE22-4970-B1F9-59BD729E5D4D}"
EndProject
Project("{9A19103F-16F7-4668-BE54-9A1E7A4F7556}") = "R5T.T0185", "..\..\R5T.T0185\source\R5T.T0185\R5T.T0185.csproj", "{06C0D1DE-F830-46AC-A06B-9AEA92C1E740}"
EndProject
Project("{9A19103F-16F7-4668-BE54-9A1E7A4F7556}") = "R5T.T0199", "..\..\R5T.T0199\source\R5T.T0199\R5T.T0199.csproj", "{59C2B504-82FF-40D3-8B06-E678CA3FD27B}"
EndProject
Project("{9A19103F-16F7-4668-BE54-9A1E7A4F7556}") = "R5T.T0203", "..\..\R5T.T0203\source\R5T.T0203\R5T.T0203.csproj", "{A2B84880-3CF5-43EE-B89B-7010BC39FF40}"
EndProject
Project("{9A19103F-16F7-4668-BE54-9A1E7A4F7556}") = "R5T.T0220", "..\..\R5T.T0220\source\R5T.T0220\R5T.T0220.csproj", "{63FDC234-5213-44E6-B16B-E8F34A6C8DA8}"
EndProject
Project("{9A19103F-16F7-4668-BE54-9A1E7A4F7556}") = "R5T.T0221", "..\..\R5T.T0221\source\R5T.T0221\R5T.T0221.csproj", "{A1E67066-28AF-4EFE-9098-1761E8F9373B}"
EndProject
Project("{9A19103F-16F7-4668-BE54-9A1E7A4F7556}") = "R5T.Y0000", "..\..\R5T.Y0000\source\R5T.Y0000\R5T.Y0000.csproj", "{FAD9580A-FE00-4F39-A196-DAD4B0BAD339}"
EndProject
Project("{9A19103F-16F7-4668-BE54-9A1E7A4F7556}") = "R5T.Z0000", "..\..\R5T.Z0000\source\R5T.Z0000\R5T.Z0000.csproj", "{C3430EA9-A8B3-4974-9937-48B569F0AE02}"
EndProject
Project("{9A19103F-16F7-4668-BE54-9A1E7A4F7556}") = "R5T.Z0010.Platform", "..\..\R5T.Z0010\source\R5T.Z0010.Platform\R5T.Z0010.Platform.csproj", "{FB16EF5D-BC8D-40D2-B504-C26A39943A73}"
EndProject
Project("{9A19103F-16F7-4668-BE54-9A1E7A4F7556}") = "R5T.F0059", "..\..\R5T.F0059\source\R5T.F0059\R5T.F0059.csproj", "{0357C99F-86B3-483B-B6AA-1E7F23A236A7}"
EndProject
Project("{9A19103F-16F7-4668-BE54-9A1E7A4F7556}") = "R5T.F0138", "..\..\R5T.F0138\source\R5T.F0138\R5T.F0138.csproj", "{53D41024-5E05-409D-AEB3-B7A437C87CC0}"
EndProject
Project("{9A19103F-16F7-4668-BE54-9A1E7A4F7556}") = "R5T.F0139", "..\..\R5T.F0139\source\R5T.F0139\R5T.F0139.csproj", "{A6073472-624B-41E6-9E9C-528612487D0A}"
EndProject
Project("{9A19103F-16F7-4668-BE54-9A1E7A4F7556}") = "R5T.F0140", "..\..\R5T.F0140\source\R5T.F0140\R5T.F0140.csproj", "{D4A51727-9EF4-4DF1-BB06-36174AC9FD89}"
EndProject
Project("{9A19103F-16F7-4668-BE54-9A1E7A4F7556}") = "R5T.NG0006", "..\..\R5T.NG0006\source\R5T.NG0006\R5T.NG0006.csproj", "{375A5890-A384-4E99-B171-0FB719635326}"
EndProject
Project("{9A19103F-16F7-4668-BE54-9A1E7A4F7556}") = "R5T.T0150", "..\..\R5T.T0150\source\R5T.T0150\R5T.T0150.csproj", "{26BAB3BF-DFF2-4680-B357-A4416ACD6643}"
EndProject
Project("{9A19103F-16F7-4668-BE54-9A1E7A4F7556}") = "R5T.T0151", "..\..\R5T.T0151\source\R5T.T0151\R5T.T0151.csproj", "{311095AC-1E2C-4063-B2AB-8BCA1679A0C2}"
EndProject
Project("{9A19103F-16F7-4668-BE54-9A1E7A4F7556}") = "R5T.T0158", "..\..\R5T.T0158\source\R5T.T0158\R5T.T0158.csproj", "{0EEC9B53-6B58-4D9F-B859-E9DC810CF81F}"
EndProject
Project("{9A19103F-16F7-4668-BE54-9A1E7A4F7556}") = "R5T.T0159", "..\..\R5T.T0159\source\R5T.T0159\R5T.T0159.csproj", "{C9C01B55-DDFF-4BE5-92CC-0C5FD9AF3333}"
EndProject
Project("{9A19103F-16F7-4668-BE54-9A1E7A4F7556}") = "R5T.T0172", "..\..\R5T.T0172\source\R5T.T0172\R5T.T0172.csproj", "{63CCECA4-F36C-411F-BCA9-8C30B0B615D4}"
EndProject
Project("{9A19103F-16F7-4668-BE54-9A1E7A4F7556}") = "R5T.T0214.Z001", "..\..\R5T.T0214\source\R5T.T0214.Z001\R5T.T0214.Z001.csproj", "{1F1EF733-2F07-4C9B-959C-B68909D930BA}"
EndProject
Project("{9A19103F-16F7-4668-BE54-9A1E7A4F7556}") = "R5T.T0214", "..\..\R5T.T0214\source\R5T.T0214\R5T.T0214.csproj", "{FD53A05B-54C2-47C1-B24A-924D36ABEDDA}"
EndProject
Project("{9A19103F-16F7-4668-BE54-9A1E7A4F7556}") = "R5T.T0215.Z000", "..\..\R5T.T0215\source\R5T.T0215.Z000\R5T.T0215.Z000.csproj", "{16622B62-DD31-47DF-8CF8-A417F8A791E7}"
EndProject
Project("{9A19103F-16F7-4668-BE54-9A1E7A4F7556}") = "R5T.T0215", "..\..\R5T.T0215\source\R5T.T0215\R5T.T0215.csproj", "{E2EE6FB1-FAA9-44B8-A70E-2A584F0655DE}"
EndProject
Project("{9A19103F-16F7-4668-BE54-9A1E7A4F7556}") = "R5T.T0216.F001", "..\..\R5T.T0216\source\R5T.T0216.F001\R5T.T0216.F001.csproj", "{B5D95817-B9A6-4402-97C3-3D022837BDBD}"
EndProject
Project("{9A19103F-16F7-4668-BE54-9A1E7A4F7556}") = "R5T.T0216", "..\..\R5T.T0216\source\R5T.T0216\R5T.T0216.csproj", "{60E1E415-3AF8-4D1B-BC9B-30617BBBB40F}"
EndProject
Project("{9A19103F-16F7-4668-BE54-9A1E7A4F7556}") = "R5T.T0217.F001", "..\..\R5T.T0217\source\R5T.T0217.F001\R5T.T0217.F001.csproj", "{39B047C1-2F97-421F-8D0B-6C64507CBDB1}"
EndProject
Project("{9A19103F-16F7-4668-BE54-9A1E7A4F7556}") = "R5T.T0217", "..\..\R5T.T0217\source\R5T.T0217\R5T.T0217.csproj", "{7E9AA1C8-7C82-46E0-A9A6-85699730F985}"
EndProject
Project("{9A19103F-16F7-4668-BE54-9A1E7A4F7556}") = "R5T.T0218", "..\..\R5T.T0218\source\R5T.T0218\R5T.T0218.csproj", "{9F9C6E22-FD66-4AA6-8E76-400CE98E6AD0}"
EndProject
Project("{9A19103F-16F7-4668-BE54-9A1E7A4F7556}") = "R5T.T0219", "..\..\R5T.T0219\source\R5T.T0219\R5T.T0219.csproj", "{C31FB9EA-3C5A-4C21-956B-0B5A7FC76BE1}"
EndProject
Project("{9A19103F-16F7-4668-BE54-9A1E7A4F7556}") = "R5T.Z0044.Z000", "..\..\R5T.Z0044\source\R5T.Z0044.Z000\R5T.Z0044.Z000.csproj", "{C6FA451B-272D-463E-BCBE-2C7A41D66733}"
EndProject
Project("{9A19103F-16F7-4668-BE54-9A1E7A4F7556}") = "R5T.Z0057.Platform", "..\..\R5T.Z0057\source\R5T.Z0057.Platform\R5T.Z0057.Platform.csproj", "{65FA8984-BB98-4B39-9760-E5E2D462B1B1}"
EndProject
Project("{9A19103F-16F7-4668-BE54-9A1E7A4F7556}") = "R5T.Z0057", "..\..\R5T.Z0057\source\R5T.Z0057\R5T.Z0057.csproj", "{48D2377B-705E-4ED7-B483-80196C9BE945}"
EndProject
Project("{9A19103F-16F7-4668-BE54-9A1E7A4F7556}") = "R5T.Z0058", "..\..\R5T.Z0058\source\R5T.Z0058\R5T.Z0058.csproj", "{8A91CA0C-3CA0-4C53-910C-22B16F5A4AF3}"
EndProject
Project("{9A19103F-16F7-4668-BE54-9A1E7A4F7556}") = "R5T.F0020", "..\..\R5T.F0020\source\R5T.F0020\R5T.F0020.csproj", "{AD6928A8-81C2-435C-80F7-0316D1E000B3}"
EndProject
Project("{9A19103F-16F7-4668-BE54-9A1E7A4F7556}") = "R5T.F0040.F000", "..\..\R5T.F0040\source\R5T.F0040.F000\R5T.F0040.F000.csproj", "{8BA03923-F6E2-4255-A8B3-8B6760C3B441}"
EndProject
Project("{9A19103F-16F7-4668-BE54-9A1E7A4F7556}") = "R5T.F0040", "..\..\R5T.F0040\source\R5T.F0040\R5T.F0040.csproj", "{B0E5CE92-185A-48D4-955D-56F196FD1D2A}"
EndProject
Project("{9A19103F-16F7-4668-BE54-9A1E7A4F7556}") = "R5T.L0056", "..\..\R5T.L0056\source\R5T.L0056\R5T.L0056.csproj", "{A05AFC3E-8CB0-4124-B040-20046281147F}"
EndProject
Project("{9A19103F-16F7-4668-BE54-9A1E7A4F7556}") = "R5T.L0057", "..\..\R5T.L0057\source\R5T.L0057\R5T.L0057.csproj", "{BADD95C4-E6BF-44D8-BF33-F41F74285030}"
EndProject
Project("{9A19103F-16F7-4668-BE54-9A1E7A4F7556}") = "R5T.L0058", "..\..\R5T.L0058\source\R5T.L0058\R5T.L0058.csproj", "{3BE0B0D5-27A5-479B-83FB-37F5ECEBD1F7}"
EndProject
Project("{9A19103F-16F7-4668-BE54-9A1E7A4F7556}") = "R5T.L0061", "..\..\R5T.L0061\source\R5T.L0061\R5T.L0061.csproj", "{36158506-6888-4DE0-867F-9455A4AC254F}"
EndProject
Project("{9A19103F-16F7-4668-BE54-9A1E7A4F7556}") = "R5T.NG0010", "..\..\R5T.NG0010\source\R5T.NG0010\R5T.NG0010.csproj", "{30EBA92D-9B29-4A86-B3C3-180EBF2C3F45}"
EndProject
Project("{9A19103F-16F7-4668-BE54-9A1E7A4F7556}") = "R5T.T0152", "..\..\R5T.T0152\source\R5T.T0152\R5T.T0152.csproj", "{A14734CF-E346-4196-80C6-D9DFE215F86B}"
EndProject
Project("{9A19103F-16F7-4668-BE54-9A1E7A4F7556}") = "R5T.T0213", "..\..\R5T.T0213\source\R5T.T0213\R5T.T0213.csproj", "{ABC750FB-948B-478C-BB15-6E3738D9CF7A}"
EndProject
Project("{9A19103F-16F7-4668-BE54-9A1E7A4F7556}") = "R5T.T0227", "..\..\R5T.T0227\source\R5T.T0227\R5T.T0227.csproj", "{F9A791A3-6DA9-4ECE-807B-222E38A9A02E}"
EndProject
Project("{9A19103F-16F7-4668-BE54-9A1E7A4F7556}") = "R5T.Z0010", "..\..\R5T.Z0010\source\R5T.Z0010\R5T.Z0010.csproj", "{AAFAAE75-D19C-4AFC-916A-BDEB0FEB96AD}"
EndProject
Project("{9A19103F-16F7-4668-BE54-9A1E7A4F7556}") = "R5T.Z0012", "..\..\R5T.Z0012\source\R5T.Z0012\R5T.Z0012.csproj", "{68D4A220-428E-4E9C-9A34-0E4D70DE9791}"
EndProject
Global
	GlobalSection(NestedProjects) = preSolution
		{11FD4D7D-21B7-49EB-A0CC-EB98F7F9FD0B} = {46781BD5-6E8F-4813-8E77-22FC065BC49E}
		{CB4DE70C-3467-430A-8430-8488B9F10F29} = {46781BD5-6E8F-4813-8E77-22FC065BC49E}
		{A2CF37C5-9957-4E7C-B700-4C67F1F2F69E} = {46781BD5-6E8F-4813-8E77-22FC065BC49E}
		{7A40BEC1-0CC2-49E9-85CB-6E40B50657BF} = {46781BD5-6E8F-4813-8E77-22FC065BC49E}
		{9044D3D7-8ABF-4A19-8531-E23F053C4E12} = {46781BD5-6E8F-4813-8E77-22FC065BC49E}
		{0DD62567-150A-4610-A9BB-0973740BD594} = {46781BD5-6E8F-4813-8E77-22FC065BC49E}
		{6A9CD4A5-B442-4565-9F5F-ED484DF6B8D3} = {46781BD5-6E8F-4813-8E77-22FC065BC49E}
		{D3A933A8-250D-485F-B32B-C25DDDEC2A20} = {46781BD5-6E8F-4813-8E77-22FC065BC49E}
		{8C6B8B7D-CD31-47E6-8F33-3D21B8940370} = {46781BD5-6E8F-4813-8E77-22FC065BC49E}
		{AA8793A0-6FAD-44E0-AFCB-6D71A596891F} = {46781BD5-6E8F-4813-8E77-22FC065BC49E}
		{3F1A4A8C-FACC-41FB-8364-83FA4DCD91D7} = {46781BD5-6E8F-4813-8E77-22FC065BC49E}
		{B08B40C2-553F-4100-81BB-513FD37B1D82} = {46781BD5-6E8F-4813-8E77-22FC065BC49E}
		{CA505831-C63A-43FC-887D-8351F77B76E7} = {46781BD5-6E8F-4813-8E77-22FC065BC49E}
		{5C7DC252-82C4-41D9-BA68-AA8809D5E40D} = {46781BD5-6E8F-4813-8E77-22FC065BC49E}
		{BF34DF8F-1D77-44A9-96E9-E9306BAFA89F} = {46781BD5-6E8F-4813-8E77-22FC065BC49E}
		{9F7BC557-AD42-4B97-BB81-26CC5C47168B} = {46781BD5-6E8F-4813-8E77-22FC065BC49E}
		{63B7320F-CA05-4C16-AD82-8131E725BF50} = {46781BD5-6E8F-4813-8E77-22FC065BC49E}
		{6BC29AD5-68C8-422E-9EF3-CD5C61E2832A} = {46781BD5-6E8F-4813-8E77-22FC065BC49E}
		{84B77313-7BDE-4BF3-BBD3-F2F84F65A63D} = {46781BD5-6E8F-4813-8E77-22FC065BC49E}
		{19DE4103-4A3C-4BEF-B06C-1B329845E1CF} = {46781BD5-6E8F-4813-8E77-22FC065BC49E}
		{BA44A345-03DB-4073-9863-5A37D7A27B06} = {46781BD5-6E8F-4813-8E77-22FC065BC49E}
		{10671178-FCF9-407B-A07F-801AAF1E9E09} = {46781BD5-6E8F-4813-8E77-22FC065BC49E}
		{CB7DF6C5-AE22-4970-B1F9-59BD729E5D4D} = {46781BD5-6E8F-4813-8E77-22FC065BC49E}
		{06C0D1DE-F830-46AC-A06B-9AEA92C1E740} = {46781BD5-6E8F-4813-8E77-22FC065BC49E}
		{59C2B504-82FF-40D3-8B06-E678CA3FD27B} = {46781BD5-6E8F-4813-8E77-22FC065BC49E}
		{A2B84880-3CF5-43EE-B89B-7010BC39FF40} = {46781BD5-6E8F-4813-8E77-22FC065BC49E}
		{63FDC234-5213-44E6-B16B-E8F34A6C8DA8} = {46781BD5-6E8F-4813-8E77-22FC065BC49E}
		{A1E67066-28AF-4EFE-9098-1761E8F9373B} = {46781BD5-6E8F-4813-8E77-22FC065BC49E}
		{FAD9580A-FE00-4F39-A196-DAD4B0BAD339} = {46781BD5-6E8F-4813-8E77-22FC065BC49E}
		{C3430EA9-A8B3-4974-9937-48B569F0AE02} = {46781BD5-6E8F-4813-8E77-22FC065BC49E}
		{FB16EF5D-BC8D-40D2-B504-C26A39943A73} = {46781BD5-6E8F-4813-8E77-22FC065BC49E}
		{0357C99F-86B3-483B-B6AA-1E7F23A236A7} = {46781BD5-6E8F-4813-8E77-22FC065BC49E}
		{53D41024-5E05-409D-AEB3-B7A437C87CC0} = {46781BD5-6E8F-4813-8E77-22FC065BC49E}
		{A6073472-624B-41E6-9E9C-528612487D0A} = {46781BD5-6E8F-4813-8E77-22FC065BC49E}
		{D4A51727-9EF4-4DF1-BB06-36174AC9FD89} = {46781BD5-6E8F-4813-8E77-22FC065BC49E}
		{375A5890-A384-4E99-B171-0FB719635326} = {46781BD5-6E8F-4813-8E77-22FC065BC49E}
		{26BAB3BF-DFF2-4680-B357-A4416ACD6643} = {46781BD5-6E8F-4813-8E77-22FC065BC49E}
		{311095AC-1E2C-4063-B2AB-8BCA1679A0C2} = {46781BD5-6E8F-4813-8E77-22FC065BC49E}
		{0EEC9B53-6B58-4D9F-B859-E9DC810CF81F} = {46781BD5-6E8F-4813-8E77-22FC065BC49E}
		{C9C01B55-DDFF-4BE5-92CC-0C5FD9AF3333} = {46781BD5-6E8F-4813-8E77-22FC065BC49E}
		{63CCECA4-F36C-411F-BCA9-8C30B0B615D4} = {46781BD5-6E8F-4813-8E77-22FC065BC49E}
		{1F1EF733-2F07-4C9B-959C-B68909D930BA} = {46781BD5-6E8F-4813-8E77-22FC065BC49E}
		{FD53A05B-54C2-47C1-B24A-924D36ABEDDA} = {46781BD5-6E8F-4813-8E77-22FC065BC49E}
		{16622B62-DD31-47DF-8CF8-A417F8A791E7} = {46781BD5-6E8F-4813-8E77-22FC065BC49E}
		{E2EE6FB1-FAA9-44B8-A70E-2A584F0655DE} = {46781BD5-6E8F-4813-8E77-22FC065BC49E}
		{B5D95817-B9A6-4402-97C3-3D022837BDBD} = {46781BD5-6E8F-4813-8E77-22FC065BC49E}
		{60E1E415-3AF8-4D1B-BC9B-30617BBBB40F} = {46781BD5-6E8F-4813-8E77-22FC065BC49E}
		{39B047C1-2F97-421F-8D0B-6C64507CBDB1} = {46781BD5-6E8F-4813-8E77-22FC065BC49E}
		{7E9AA1C8-7C82-46E0-A9A6-85699730F985} = {46781BD5-6E8F-4813-8E77-22FC065BC49E}
		{9F9C6E22-FD66-4AA6-8E76-400CE98E6AD0} = {46781BD5-6E8F-4813-8E77-22FC065BC49E}
		{C31FB9EA-3C5A-4C21-956B-0B5A7FC76BE1} = {46781BD5-6E8F-4813-8E77-22FC065BC49E}
		{C6FA451B-272D-463E-BCBE-2C7A41D66733} = {46781BD5-6E8F-4813-8E77-22FC065BC49E}
		{65FA8984-BB98-4B39-9760-E5E2D462B1B1} = {46781BD5-6E8F-4813-8E77-22FC065BC49E}
		{48D2377B-705E-4ED7-B483-80196C9BE945} = {46781BD5-6E8F-4813-8E77-22FC065BC49E}
		{8A91CA0C-3CA0-4C53-910C-22B16F5A4AF3} = {46781BD5-6E8F-4813-8E77-22FC065BC49E}
		{AD6928A8-81C2-435C-80F7-0316D1E000B3} = {46781BD5-6E8F-4813-8E77-22FC065BC49E}
		{8BA03923-F6E2-4255-A8B3-8B6760C3B441} = {46781BD5-6E8F-4813-8E77-22FC065BC49E}
		{B0E5CE92-185A-48D4-955D-56F196FD1D2A} = {46781BD5-6E8F-4813-8E77-22FC065BC49E}
		{A05AFC3E-8CB0-4124-B040-20046281147F} = {46781BD5-6E8F-4813-8E77-22FC065BC49E}
		{BADD95C4-E6BF-44D8-BF33-F41F74285030} = {46781BD5-6E8F-4813-8E77-22FC065BC49E}
		{3BE0B0D5-27A5-479B-83FB-37F5ECEBD1F7} = {46781BD5-6E8F-4813-8E77-22FC065BC49E}
		{36158506-6888-4DE0-867F-9455A4AC254F} = {46781BD5-6E8F-4813-8E77-22FC065BC49E}
		{30EBA92D-9B29-4A86-B3C3-180EBF2C3F45} = {46781BD5-6E8F-4813-8E77-22FC065BC49E}
		{A14734CF-E346-4196-80C6-D9DFE215F86B} = {46781BD5-6E8F-4813-8E77-22FC065BC49E}
		{ABC750FB-948B-478C-BB15-6E3738D9CF7A} = {46781BD5-6E8F-4813-8E77-22FC065BC49E}
		{F9A791A3-6DA9-4ECE-807B-222E38A9A02E} = {46781BD5-6E8F-4813-8E77-22FC065BC49E}
		{AAFAAE75-D19C-4AFC-916A-BDEB0FEB96AD} = {46781BD5-6E8F-4813-8E77-22FC065BC49E}
		{68D4A220-428E-4E9C-9A34-0E4D70DE9791} = {46781BD5-6E8F-4813-8E77-22FC065BC49E}
	EndGlobalSection
	GlobalSection(SolutionConfigurationPlatforms) = preSolution
		Debug|Any CPU = Debug|Any CPU
		Release|Any CPU = Release|Any CPU
	EndGlobalSection
	GlobalSection(ProjectConfigurationPlatforms) = postSolution
		{C6FA3D15-37B3-4CB0-B79B-E0AFD6CA575E}.Debug|Any CPU.ActiveCfg = Debug|Any CPU
		{C6FA3D15-37B3-4CB0-B79B-E0AFD6CA575E}.Debug|Any CPU.Build.0 = Debug|Any CPU
		{C6FA3D15-37B3-4CB0-B79B-E0AFD6CA575E}.Release|Any CPU.ActiveCfg = Release|Any CPU
		{C6FA3D15-37B3-4CB0-B79B-E0AFD6CA575E}.Release|Any CPU.Build.0 = Release|Any CPU
		{7A4F08BE-9A46-43C7-BA0F-66C69B30194A}.Debug|Any CPU.ActiveCfg = Debug|Any CPU
		{7A4F08BE-9A46-43C7-BA0F-66C69B30194A}.Debug|Any CPU.Build.0 = Debug|Any CPU
		{7A4F08BE-9A46-43C7-BA0F-66C69B30194A}.Release|Any CPU.ActiveCfg = Release|Any CPU
		{7A4F08BE-9A46-43C7-BA0F-66C69B30194A}.Release|Any CPU.Build.0 = Release|Any CPU
		{4A3A981F-535D-4CEA-A032-0B2C97F281B1}.Debug|Any CPU.ActiveCfg = Debug|Any CPU
		{4A3A981F-535D-4CEA-A032-0B2C97F281B1}.Debug|Any CPU.Build.0 = Debug|Any CPU
		{4A3A981F-535D-4CEA-A032-0B2C97F281B1}.Release|Any CPU.ActiveCfg = Release|Any CPU
		{4A3A981F-535D-4CEA-A032-0B2C97F281B1}.Release|Any CPU.Build.0 = Release|Any CPU
		{11FD4D7D-21B7-49EB-A0CC-EB98F7F9FD0B}.Debug|Any CPU.ActiveCfg = Debug|Any CPU
		{11FD4D7D-21B7-49EB-A0CC-EB98F7F9FD0B}.Debug|Any CPU.Build.0 = Debug|Any CPU
		{11FD4D7D-21B7-49EB-A0CC-EB98F7F9FD0B}.Release|Any CPU.ActiveCfg = Release|Any CPU
		{11FD4D7D-21B7-49EB-A0CC-EB98F7F9FD0B}.Release|Any CPU.Build.0 = Release|Any CPU
		{CB4DE70C-3467-430A-8430-8488B9F10F29}.Debug|Any CPU.ActiveCfg = Debug|Any CPU
		{CB4DE70C-3467-430A-8430-8488B9F10F29}.Debug|Any CPU.Build.0 = Debug|Any CPU
		{CB4DE70C-3467-430A-8430-8488B9F10F29}.Release|Any CPU.ActiveCfg = Release|Any CPU
		{CB4DE70C-3467-430A-8430-8488B9F10F29}.Release|Any CPU.Build.0 = Release|Any CPU
		{A2CF37C5-9957-4E7C-B700-4C67F1F2F69E}.Debug|Any CPU.ActiveCfg = Debug|Any CPU
		{A2CF37C5-9957-4E7C-B700-4C67F1F2F69E}.Debug|Any CPU.Build.0 = Debug|Any CPU
		{A2CF37C5-9957-4E7C-B700-4C67F1F2F69E}.Release|Any CPU.ActiveCfg = Release|Any CPU
		{A2CF37C5-9957-4E7C-B700-4C67F1F2F69E}.Release|Any CPU.Build.0 = Release|Any CPU
		{7A40BEC1-0CC2-49E9-85CB-6E40B50657BF}.Debug|Any CPU.ActiveCfg = Debug|Any CPU
		{7A40BEC1-0CC2-49E9-85CB-6E40B50657BF}.Debug|Any CPU.Build.0 = Debug|Any CPU
		{7A40BEC1-0CC2-49E9-85CB-6E40B50657BF}.Release|Any CPU.ActiveCfg = Release|Any CPU
		{7A40BEC1-0CC2-49E9-85CB-6E40B50657BF}.Release|Any CPU.Build.0 = Release|Any CPU
		{9044D3D7-8ABF-4A19-8531-E23F053C4E12}.Debug|Any CPU.ActiveCfg = Debug|Any CPU
		{9044D3D7-8ABF-4A19-8531-E23F053C4E12}.Debug|Any CPU.Build.0 = Debug|Any CPU
		{9044D3D7-8ABF-4A19-8531-E23F053C4E12}.Release|Any CPU.ActiveCfg = Release|Any CPU
		{9044D3D7-8ABF-4A19-8531-E23F053C4E12}.Release|Any CPU.Build.0 = Release|Any CPU
		{0DD62567-150A-4610-A9BB-0973740BD594}.Debug|Any CPU.ActiveCfg = Debug|Any CPU
		{0DD62567-150A-4610-A9BB-0973740BD594}.Debug|Any CPU.Build.0 = Debug|Any CPU
		{0DD62567-150A-4610-A9BB-0973740BD594}.Release|Any CPU.ActiveCfg = Release|Any CPU
		{0DD62567-150A-4610-A9BB-0973740BD594}.Release|Any CPU.Build.0 = Release|Any CPU
		{6A9CD4A5-B442-4565-9F5F-ED484DF6B8D3}.Debug|Any CPU.ActiveCfg = Debug|Any CPU
		{6A9CD4A5-B442-4565-9F5F-ED484DF6B8D3}.Debug|Any CPU.Build.0 = Debug|Any CPU
		{6A9CD4A5-B442-4565-9F5F-ED484DF6B8D3}.Release|Any CPU.ActiveCfg = Release|Any CPU
		{6A9CD4A5-B442-4565-9F5F-ED484DF6B8D3}.Release|Any CPU.Build.0 = Release|Any CPU
		{D3A933A8-250D-485F-B32B-C25DDDEC2A20}.Debug|Any CPU.ActiveCfg = Debug|Any CPU
		{D3A933A8-250D-485F-B32B-C25DDDEC2A20}.Debug|Any CPU.Build.0 = Debug|Any CPU
		{D3A933A8-250D-485F-B32B-C25DDDEC2A20}.Release|Any CPU.ActiveCfg = Release|Any CPU
		{D3A933A8-250D-485F-B32B-C25DDDEC2A20}.Release|Any CPU.Build.0 = Release|Any CPU
		{8C6B8B7D-CD31-47E6-8F33-3D21B8940370}.Debug|Any CPU.ActiveCfg = Debug|Any CPU
		{8C6B8B7D-CD31-47E6-8F33-3D21B8940370}.Debug|Any CPU.Build.0 = Debug|Any CPU
		{8C6B8B7D-CD31-47E6-8F33-3D21B8940370}.Release|Any CPU.ActiveCfg = Release|Any CPU
		{8C6B8B7D-CD31-47E6-8F33-3D21B8940370}.Release|Any CPU.Build.0 = Release|Any CPU
		{AA8793A0-6FAD-44E0-AFCB-6D71A596891F}.Debug|Any CPU.ActiveCfg = Debug|Any CPU
		{AA8793A0-6FAD-44E0-AFCB-6D71A596891F}.Debug|Any CPU.Build.0 = Debug|Any CPU
		{AA8793A0-6FAD-44E0-AFCB-6D71A596891F}.Release|Any CPU.ActiveCfg = Release|Any CPU
		{AA8793A0-6FAD-44E0-AFCB-6D71A596891F}.Release|Any CPU.Build.0 = Release|Any CPU
		{3F1A4A8C-FACC-41FB-8364-83FA4DCD91D7}.Debug|Any CPU.ActiveCfg = Debug|Any CPU
		{3F1A4A8C-FACC-41FB-8364-83FA4DCD91D7}.Debug|Any CPU.Build.0 = Debug|Any CPU
		{3F1A4A8C-FACC-41FB-8364-83FA4DCD91D7}.Release|Any CPU.ActiveCfg = Release|Any CPU
		{3F1A4A8C-FACC-41FB-8364-83FA4DCD91D7}.Release|Any CPU.Build.0 = Release|Any CPU
		{B08B40C2-553F-4100-81BB-513FD37B1D82}.Debug|Any CPU.ActiveCfg = Debug|Any CPU
		{B08B40C2-553F-4100-81BB-513FD37B1D82}.Debug|Any CPU.Build.0 = Debug|Any CPU
		{B08B40C2-553F-4100-81BB-513FD37B1D82}.Release|Any CPU.ActiveCfg = Release|Any CPU
		{B08B40C2-553F-4100-81BB-513FD37B1D82}.Release|Any CPU.Build.0 = Release|Any CPU
		{CA505831-C63A-43FC-887D-8351F77B76E7}.Debug|Any CPU.ActiveCfg = Debug|Any CPU
		{CA505831-C63A-43FC-887D-8351F77B76E7}.Debug|Any CPU.Build.0 = Debug|Any CPU
		{CA505831-C63A-43FC-887D-8351F77B76E7}.Release|Any CPU.ActiveCfg = Release|Any CPU
		{CA505831-C63A-43FC-887D-8351F77B76E7}.Release|Any CPU.Build.0 = Release|Any CPU
		{5C7DC252-82C4-41D9-BA68-AA8809D5E40D}.Debug|Any CPU.ActiveCfg = Debug|Any CPU
		{5C7DC252-82C4-41D9-BA68-AA8809D5E40D}.Debug|Any CPU.Build.0 = Debug|Any CPU
		{5C7DC252-82C4-41D9-BA68-AA8809D5E40D}.Release|Any CPU.ActiveCfg = Release|Any CPU
		{5C7DC252-82C4-41D9-BA68-AA8809D5E40D}.Release|Any CPU.Build.0 = Release|Any CPU
		{BF34DF8F-1D77-44A9-96E9-E9306BAFA89F}.Debug|Any CPU.ActiveCfg = Debug|Any CPU
		{BF34DF8F-1D77-44A9-96E9-E9306BAFA89F}.Debug|Any CPU.Build.0 = Debug|Any CPU
		{BF34DF8F-1D77-44A9-96E9-E9306BAFA89F}.Release|Any CPU.ActiveCfg = Release|Any CPU
		{BF34DF8F-1D77-44A9-96E9-E9306BAFA89F}.Release|Any CPU.Build.0 = Release|Any CPU
		{9F7BC557-AD42-4B97-BB81-26CC5C47168B}.Debug|Any CPU.ActiveCfg = Debug|Any CPU
		{9F7BC557-AD42-4B97-BB81-26CC5C47168B}.Debug|Any CPU.Build.0 = Debug|Any CPU
		{9F7BC557-AD42-4B97-BB81-26CC5C47168B}.Release|Any CPU.ActiveCfg = Release|Any CPU
		{9F7BC557-AD42-4B97-BB81-26CC5C47168B}.Release|Any CPU.Build.0 = Release|Any CPU
		{63B7320F-CA05-4C16-AD82-8131E725BF50}.Debug|Any CPU.ActiveCfg = Debug|Any CPU
		{63B7320F-CA05-4C16-AD82-8131E725BF50}.Debug|Any CPU.Build.0 = Debug|Any CPU
		{63B7320F-CA05-4C16-AD82-8131E725BF50}.Release|Any CPU.ActiveCfg = Release|Any CPU
		{63B7320F-CA05-4C16-AD82-8131E725BF50}.Release|Any CPU.Build.0 = Release|Any CPU
		{6BC29AD5-68C8-422E-9EF3-CD5C61E2832A}.Debug|Any CPU.ActiveCfg = Debug|Any CPU
		{6BC29AD5-68C8-422E-9EF3-CD5C61E2832A}.Debug|Any CPU.Build.0 = Debug|Any CPU
		{6BC29AD5-68C8-422E-9EF3-CD5C61E2832A}.Release|Any CPU.ActiveCfg = Release|Any CPU
		{6BC29AD5-68C8-422E-9EF3-CD5C61E2832A}.Release|Any CPU.Build.0 = Release|Any CPU
		{84B77313-7BDE-4BF3-BBD3-F2F84F65A63D}.Debug|Any CPU.ActiveCfg = Debug|Any CPU
		{84B77313-7BDE-4BF3-BBD3-F2F84F65A63D}.Debug|Any CPU.Build.0 = Debug|Any CPU
		{84B77313-7BDE-4BF3-BBD3-F2F84F65A63D}.Release|Any CPU.ActiveCfg = Release|Any CPU
		{84B77313-7BDE-4BF3-BBD3-F2F84F65A63D}.Release|Any CPU.Build.0 = Release|Any CPU
		{19DE4103-4A3C-4BEF-B06C-1B329845E1CF}.Debug|Any CPU.ActiveCfg = Debug|Any CPU
		{19DE4103-4A3C-4BEF-B06C-1B329845E1CF}.Debug|Any CPU.Build.0 = Debug|Any CPU
		{19DE4103-4A3C-4BEF-B06C-1B329845E1CF}.Release|Any CPU.ActiveCfg = Release|Any CPU
		{19DE4103-4A3C-4BEF-B06C-1B329845E1CF}.Release|Any CPU.Build.0 = Release|Any CPU
		{BA44A345-03DB-4073-9863-5A37D7A27B06}.Debug|Any CPU.ActiveCfg = Debug|Any CPU
		{BA44A345-03DB-4073-9863-5A37D7A27B06}.Debug|Any CPU.Build.0 = Debug|Any CPU
		{BA44A345-03DB-4073-9863-5A37D7A27B06}.Release|Any CPU.ActiveCfg = Release|Any CPU
		{BA44A345-03DB-4073-9863-5A37D7A27B06}.Release|Any CPU.Build.0 = Release|Any CPU
		{10671178-FCF9-407B-A07F-801AAF1E9E09}.Debug|Any CPU.ActiveCfg = Debug|Any CPU
		{10671178-FCF9-407B-A07F-801AAF1E9E09}.Debug|Any CPU.Build.0 = Debug|Any CPU
		{10671178-FCF9-407B-A07F-801AAF1E9E09}.Release|Any CPU.ActiveCfg = Release|Any CPU
		{10671178-FCF9-407B-A07F-801AAF1E9E09}.Release|Any CPU.Build.0 = Release|Any CPU
		{CB7DF6C5-AE22-4970-B1F9-59BD729E5D4D}.Debug|Any CPU.ActiveCfg = Debug|Any CPU
		{CB7DF6C5-AE22-4970-B1F9-59BD729E5D4D}.Debug|Any CPU.Build.0 = Debug|Any CPU
		{CB7DF6C5-AE22-4970-B1F9-59BD729E5D4D}.Release|Any CPU.ActiveCfg = Release|Any CPU
		{CB7DF6C5-AE22-4970-B1F9-59BD729E5D4D}.Release|Any CPU.Build.0 = Release|Any CPU
		{06C0D1DE-F830-46AC-A06B-9AEA92C1E740}.Debug|Any CPU.ActiveCfg = Debug|Any CPU
		{06C0D1DE-F830-46AC-A06B-9AEA92C1E740}.Debug|Any CPU.Build.0 = Debug|Any CPU
		{06C0D1DE-F830-46AC-A06B-9AEA92C1E740}.Release|Any CPU.ActiveCfg = Release|Any CPU
		{06C0D1DE-F830-46AC-A06B-9AEA92C1E740}.Release|Any CPU.Build.0 = Release|Any CPU
		{59C2B504-82FF-40D3-8B06-E678CA3FD27B}.Debug|Any CPU.ActiveCfg = Debug|Any CPU
		{59C2B504-82FF-40D3-8B06-E678CA3FD27B}.Debug|Any CPU.Build.0 = Debug|Any CPU
		{59C2B504-82FF-40D3-8B06-E678CA3FD27B}.Release|Any CPU.ActiveCfg = Release|Any CPU
		{59C2B504-82FF-40D3-8B06-E678CA3FD27B}.Release|Any CPU.Build.0 = Release|Any CPU
		{A2B84880-3CF5-43EE-B89B-7010BC39FF40}.Debug|Any CPU.ActiveCfg = Debug|Any CPU
		{A2B84880-3CF5-43EE-B89B-7010BC39FF40}.Debug|Any CPU.Build.0 = Debug|Any CPU
		{A2B84880-3CF5-43EE-B89B-7010BC39FF40}.Release|Any CPU.ActiveCfg = Release|Any CPU
		{A2B84880-3CF5-43EE-B89B-7010BC39FF40}.Release|Any CPU.Build.0 = Release|Any CPU
		{63FDC234-5213-44E6-B16B-E8F34A6C8DA8}.Debug|Any CPU.ActiveCfg = Debug|Any CPU
		{63FDC234-5213-44E6-B16B-E8F34A6C8DA8}.Debug|Any CPU.Build.0 = Debug|Any CPU
		{63FDC234-5213-44E6-B16B-E8F34A6C8DA8}.Release|Any CPU.ActiveCfg = Release|Any CPU
		{63FDC234-5213-44E6-B16B-E8F34A6C8DA8}.Release|Any CPU.Build.0 = Release|Any CPU
		{A1E67066-28AF-4EFE-9098-1761E8F9373B}.Debug|Any CPU.ActiveCfg = Debug|Any CPU
		{A1E67066-28AF-4EFE-9098-1761E8F9373B}.Debug|Any CPU.Build.0 = Debug|Any CPU
		{A1E67066-28AF-4EFE-9098-1761E8F9373B}.Release|Any CPU.ActiveCfg = Release|Any CPU
		{A1E67066-28AF-4EFE-9098-1761E8F9373B}.Release|Any CPU.Build.0 = Release|Any CPU
		{FAD9580A-FE00-4F39-A196-DAD4B0BAD339}.Debug|Any CPU.ActiveCfg = Debug|Any CPU
		{FAD9580A-FE00-4F39-A196-DAD4B0BAD339}.Debug|Any CPU.Build.0 = Debug|Any CPU
		{FAD9580A-FE00-4F39-A196-DAD4B0BAD339}.Release|Any CPU.ActiveCfg = Release|Any CPU
		{FAD9580A-FE00-4F39-A196-DAD4B0BAD339}.Release|Any CPU.Build.0 = Release|Any CPU
		{C3430EA9-A8B3-4974-9937-48B569F0AE02}.Debug|Any CPU.ActiveCfg = Debug|Any CPU
		{C3430EA9-A8B3-4974-9937-48B569F0AE02}.Debug|Any CPU.Build.0 = Debug|Any CPU
		{C3430EA9-A8B3-4974-9937-48B569F0AE02}.Release|Any CPU.ActiveCfg = Release|Any CPU
		{C3430EA9-A8B3-4974-9937-48B569F0AE02}.Release|Any CPU.Build.0 = Release|Any CPU
		{FB16EF5D-BC8D-40D2-B504-C26A39943A73}.Debug|Any CPU.ActiveCfg = Debug|Any CPU
		{FB16EF5D-BC8D-40D2-B504-C26A39943A73}.Debug|Any CPU.Build.0 = Debug|Any CPU
		{FB16EF5D-BC8D-40D2-B504-C26A39943A73}.Release|Any CPU.ActiveCfg = Release|Any CPU
		{FB16EF5D-BC8D-40D2-B504-C26A39943A73}.Release|Any CPU.Build.0 = Release|Any CPU
		{0357C99F-86B3-483B-B6AA-1E7F23A236A7}.Debug|Any CPU.ActiveCfg = Debug|Any CPU
		{0357C99F-86B3-483B-B6AA-1E7F23A236A7}.Debug|Any CPU.Build.0 = Debug|Any CPU
		{0357C99F-86B3-483B-B6AA-1E7F23A236A7}.Release|Any CPU.ActiveCfg = Release|Any CPU
		{0357C99F-86B3-483B-B6AA-1E7F23A236A7}.Release|Any CPU.Build.0 = Release|Any CPU
		{53D41024-5E05-409D-AEB3-B7A437C87CC0}.Debug|Any CPU.ActiveCfg = Debug|Any CPU
		{53D41024-5E05-409D-AEB3-B7A437C87CC0}.Debug|Any CPU.Build.0 = Debug|Any CPU
		{53D41024-5E05-409D-AEB3-B7A437C87CC0}.Release|Any CPU.ActiveCfg = Release|Any CPU
		{53D41024-5E05-409D-AEB3-B7A437C87CC0}.Release|Any CPU.Build.0 = Release|Any CPU
		{A6073472-624B-41E6-9E9C-528612487D0A}.Debug|Any CPU.ActiveCfg = Debug|Any CPU
		{A6073472-624B-41E6-9E9C-528612487D0A}.Debug|Any CPU.Build.0 = Debug|Any CPU
		{A6073472-624B-41E6-9E9C-528612487D0A}.Release|Any CPU.ActiveCfg = Release|Any CPU
		{A6073472-624B-41E6-9E9C-528612487D0A}.Release|Any CPU.Build.0 = Release|Any CPU
		{D4A51727-9EF4-4DF1-BB06-36174AC9FD89}.Debug|Any CPU.ActiveCfg = Debug|Any CPU
		{D4A51727-9EF4-4DF1-BB06-36174AC9FD89}.Debug|Any CPU.Build.0 = Debug|Any CPU
		{D4A51727-9EF4-4DF1-BB06-36174AC9FD89}.Release|Any CPU.ActiveCfg = Release|Any CPU
		{D4A51727-9EF4-4DF1-BB06-36174AC9FD89}.Release|Any CPU.Build.0 = Release|Any CPU
		{375A5890-A384-4E99-B171-0FB719635326}.Debug|Any CPU.ActiveCfg = Debug|Any CPU
		{375A5890-A384-4E99-B171-0FB719635326}.Debug|Any CPU.Build.0 = Debug|Any CPU
		{375A5890-A384-4E99-B171-0FB719635326}.Release|Any CPU.ActiveCfg = Release|Any CPU
		{375A5890-A384-4E99-B171-0FB719635326}.Release|Any CPU.Build.0 = Release|Any CPU
		{26BAB3BF-DFF2-4680-B357-A4416ACD6643}.Debug|Any CPU.ActiveCfg = Debug|Any CPU
		{26BAB3BF-DFF2-4680-B357-A4416ACD6643}.Debug|Any CPU.Build.0 = Debug|Any CPU
		{26BAB3BF-DFF2-4680-B357-A4416ACD6643}.Release|Any CPU.ActiveCfg = Release|Any CPU
		{26BAB3BF-DFF2-4680-B357-A4416ACD6643}.Release|Any CPU.Build.0 = Release|Any CPU
		{311095AC-1E2C-4063-B2AB-8BCA1679A0C2}.Debug|Any CPU.ActiveCfg = Debug|Any CPU
		{311095AC-1E2C-4063-B2AB-8BCA1679A0C2}.Debug|Any CPU.Build.0 = Debug|Any CPU
		{311095AC-1E2C-4063-B2AB-8BCA1679A0C2}.Release|Any CPU.ActiveCfg = Release|Any CPU
		{311095AC-1E2C-4063-B2AB-8BCA1679A0C2}.Release|Any CPU.Build.0 = Release|Any CPU
		{0EEC9B53-6B58-4D9F-B859-E9DC810CF81F}.Debug|Any CPU.ActiveCfg = Debug|Any CPU
		{0EEC9B53-6B58-4D9F-B859-E9DC810CF81F}.Debug|Any CPU.Build.0 = Debug|Any CPU
		{0EEC9B53-6B58-4D9F-B859-E9DC810CF81F}.Release|Any CPU.ActiveCfg = Release|Any CPU
		{0EEC9B53-6B58-4D9F-B859-E9DC810CF81F}.Release|Any CPU.Build.0 = Release|Any CPU
		{C9C01B55-DDFF-4BE5-92CC-0C5FD9AF3333}.Debug|Any CPU.ActiveCfg = Debug|Any CPU
		{C9C01B55-DDFF-4BE5-92CC-0C5FD9AF3333}.Debug|Any CPU.Build.0 = Debug|Any CPU
		{C9C01B55-DDFF-4BE5-92CC-0C5FD9AF3333}.Release|Any CPU.ActiveCfg = Release|Any CPU
		{C9C01B55-DDFF-4BE5-92CC-0C5FD9AF3333}.Release|Any CPU.Build.0 = Release|Any CPU
		{63CCECA4-F36C-411F-BCA9-8C30B0B615D4}.Debug|Any CPU.ActiveCfg = Debug|Any CPU
		{63CCECA4-F36C-411F-BCA9-8C30B0B615D4}.Debug|Any CPU.Build.0 = Debug|Any CPU
		{63CCECA4-F36C-411F-BCA9-8C30B0B615D4}.Release|Any CPU.ActiveCfg = Release|Any CPU
		{63CCECA4-F36C-411F-BCA9-8C30B0B615D4}.Release|Any CPU.Build.0 = Release|Any CPU
		{1F1EF733-2F07-4C9B-959C-B68909D930BA}.Debug|Any CPU.ActiveCfg = Debug|Any CPU
		{1F1EF733-2F07-4C9B-959C-B68909D930BA}.Debug|Any CPU.Build.0 = Debug|Any CPU
		{1F1EF733-2F07-4C9B-959C-B68909D930BA}.Release|Any CPU.ActiveCfg = Release|Any CPU
		{1F1EF733-2F07-4C9B-959C-B68909D930BA}.Release|Any CPU.Build.0 = Release|Any CPU
		{FD53A05B-54C2-47C1-B24A-924D36ABEDDA}.Debug|Any CPU.ActiveCfg = Debug|Any CPU
		{FD53A05B-54C2-47C1-B24A-924D36ABEDDA}.Debug|Any CPU.Build.0 = Debug|Any CPU
		{FD53A05B-54C2-47C1-B24A-924D36ABEDDA}.Release|Any CPU.ActiveCfg = Release|Any CPU
		{FD53A05B-54C2-47C1-B24A-924D36ABEDDA}.Release|Any CPU.Build.0 = Release|Any CPU
		{16622B62-DD31-47DF-8CF8-A417F8A791E7}.Debug|Any CPU.ActiveCfg = Debug|Any CPU
		{16622B62-DD31-47DF-8CF8-A417F8A791E7}.Debug|Any CPU.Build.0 = Debug|Any CPU
		{16622B62-DD31-47DF-8CF8-A417F8A791E7}.Release|Any CPU.ActiveCfg = Release|Any CPU
		{16622B62-DD31-47DF-8CF8-A417F8A791E7}.Release|Any CPU.Build.0 = Release|Any CPU
		{E2EE6FB1-FAA9-44B8-A70E-2A584F0655DE}.Debug|Any CPU.ActiveCfg = Debug|Any CPU
		{E2EE6FB1-FAA9-44B8-A70E-2A584F0655DE}.Debug|Any CPU.Build.0 = Debug|Any CPU
		{E2EE6FB1-FAA9-44B8-A70E-2A584F0655DE}.Release|Any CPU.ActiveCfg = Release|Any CPU
		{E2EE6FB1-FAA9-44B8-A70E-2A584F0655DE}.Release|Any CPU.Build.0 = Release|Any CPU
		{B5D95817-B9A6-4402-97C3-3D022837BDBD}.Debug|Any CPU.ActiveCfg = Debug|Any CPU
		{B5D95817-B9A6-4402-97C3-3D022837BDBD}.Debug|Any CPU.Build.0 = Debug|Any CPU
		{B5D95817-B9A6-4402-97C3-3D022837BDBD}.Release|Any CPU.ActiveCfg = Release|Any CPU
		{B5D95817-B9A6-4402-97C3-3D022837BDBD}.Release|Any CPU.Build.0 = Release|Any CPU
		{60E1E415-3AF8-4D1B-BC9B-30617BBBB40F}.Debug|Any CPU.ActiveCfg = Debug|Any CPU
		{60E1E415-3AF8-4D1B-BC9B-30617BBBB40F}.Debug|Any CPU.Build.0 = Debug|Any CPU
		{60E1E415-3AF8-4D1B-BC9B-30617BBBB40F}.Release|Any CPU.ActiveCfg = Release|Any CPU
		{60E1E415-3AF8-4D1B-BC9B-30617BBBB40F}.Release|Any CPU.Build.0 = Release|Any CPU
		{39B047C1-2F97-421F-8D0B-6C64507CBDB1}.Debug|Any CPU.ActiveCfg = Debug|Any CPU
		{39B047C1-2F97-421F-8D0B-6C64507CBDB1}.Debug|Any CPU.Build.0 = Debug|Any CPU
		{39B047C1-2F97-421F-8D0B-6C64507CBDB1}.Release|Any CPU.ActiveCfg = Release|Any CPU
		{39B047C1-2F97-421F-8D0B-6C64507CBDB1}.Release|Any CPU.Build.0 = Release|Any CPU
		{7E9AA1C8-7C82-46E0-A9A6-85699730F985}.Debug|Any CPU.ActiveCfg = Debug|Any CPU
		{7E9AA1C8-7C82-46E0-A9A6-85699730F985}.Debug|Any CPU.Build.0 = Debug|Any CPU
		{7E9AA1C8-7C82-46E0-A9A6-85699730F985}.Release|Any CPU.ActiveCfg = Release|Any CPU
		{7E9AA1C8-7C82-46E0-A9A6-85699730F985}.Release|Any CPU.Build.0 = Release|Any CPU
		{9F9C6E22-FD66-4AA6-8E76-400CE98E6AD0}.Debug|Any CPU.ActiveCfg = Debug|Any CPU
		{9F9C6E22-FD66-4AA6-8E76-400CE98E6AD0}.Debug|Any CPU.Build.0 = Debug|Any CPU
		{9F9C6E22-FD66-4AA6-8E76-400CE98E6AD0}.Release|Any CPU.ActiveCfg = Release|Any CPU
		{9F9C6E22-FD66-4AA6-8E76-400CE98E6AD0}.Release|Any CPU.Build.0 = Release|Any CPU
		{C31FB9EA-3C5A-4C21-956B-0B5A7FC76BE1}.Debug|Any CPU.ActiveCfg = Debug|Any CPU
		{C31FB9EA-3C5A-4C21-956B-0B5A7FC76BE1}.Debug|Any CPU.Build.0 = Debug|Any CPU
		{C31FB9EA-3C5A-4C21-956B-0B5A7FC76BE1}.Release|Any CPU.ActiveCfg = Release|Any CPU
		{C31FB9EA-3C5A-4C21-956B-0B5A7FC76BE1}.Release|Any CPU.Build.0 = Release|Any CPU
		{C6FA451B-272D-463E-BCBE-2C7A41D66733}.Debug|Any CPU.ActiveCfg = Debug|Any CPU
		{C6FA451B-272D-463E-BCBE-2C7A41D66733}.Debug|Any CPU.Build.0 = Debug|Any CPU
		{C6FA451B-272D-463E-BCBE-2C7A41D66733}.Release|Any CPU.ActiveCfg = Release|Any CPU
		{C6FA451B-272D-463E-BCBE-2C7A41D66733}.Release|Any CPU.Build.0 = Release|Any CPU
		{65FA8984-BB98-4B39-9760-E5E2D462B1B1}.Debug|Any CPU.ActiveCfg = Debug|Any CPU
		{65FA8984-BB98-4B39-9760-E5E2D462B1B1}.Debug|Any CPU.Build.0 = Debug|Any CPU
		{65FA8984-BB98-4B39-9760-E5E2D462B1B1}.Release|Any CPU.ActiveCfg = Release|Any CPU
		{65FA8984-BB98-4B39-9760-E5E2D462B1B1}.Release|Any CPU.Build.0 = Release|Any CPU
		{48D2377B-705E-4ED7-B483-80196C9BE945}.Debug|Any CPU.ActiveCfg = Debug|Any CPU
		{48D2377B-705E-4ED7-B483-80196C9BE945}.Debug|Any CPU.Build.0 = Debug|Any CPU
		{48D2377B-705E-4ED7-B483-80196C9BE945}.Release|Any CPU.ActiveCfg = Release|Any CPU
		{48D2377B-705E-4ED7-B483-80196C9BE945}.Release|Any CPU.Build.0 = Release|Any CPU
		{8A91CA0C-3CA0-4C53-910C-22B16F5A4AF3}.Debug|Any CPU.ActiveCfg = Debug|Any CPU
		{8A91CA0C-3CA0-4C53-910C-22B16F5A4AF3}.Debug|Any CPU.Build.0 = Debug|Any CPU
		{8A91CA0C-3CA0-4C53-910C-22B16F5A4AF3}.Release|Any CPU.ActiveCfg = Release|Any CPU
		{8A91CA0C-3CA0-4C53-910C-22B16F5A4AF3}.Release|Any CPU.Build.0 = Release|Any CPU
		{AD6928A8-81C2-435C-80F7-0316D1E000B3}.Debug|Any CPU.ActiveCfg = Debug|Any CPU
		{AD6928A8-81C2-435C-80F7-0316D1E000B3}.Debug|Any CPU.Build.0 = Debug|Any CPU
		{AD6928A8-81C2-435C-80F7-0316D1E000B3}.Release|Any CPU.ActiveCfg = Release|Any CPU
		{AD6928A8-81C2-435C-80F7-0316D1E000B3}.Release|Any CPU.Build.0 = Release|Any CPU
		{8BA03923-F6E2-4255-A8B3-8B6760C3B441}.Debug|Any CPU.ActiveCfg = Debug|Any CPU
		{8BA03923-F6E2-4255-A8B3-8B6760C3B441}.Debug|Any CPU.Build.0 = Debug|Any CPU
		{8BA03923-F6E2-4255-A8B3-8B6760C3B441}.Release|Any CPU.ActiveCfg = Release|Any CPU
		{8BA03923-F6E2-4255-A8B3-8B6760C3B441}.Release|Any CPU.Build.0 = Release|Any CPU
		{B0E5CE92-185A-48D4-955D-56F196FD1D2A}.Debug|Any CPU.ActiveCfg = Debug|Any CPU
		{B0E5CE92-185A-48D4-955D-56F196FD1D2A}.Debug|Any CPU.Build.0 = Debug|Any CPU
		{B0E5CE92-185A-48D4-955D-56F196FD1D2A}.Release|Any CPU.ActiveCfg = Release|Any CPU
		{B0E5CE92-185A-48D4-955D-56F196FD1D2A}.Release|Any CPU.Build.0 = Release|Any CPU
		{A05AFC3E-8CB0-4124-B040-20046281147F}.Debug|Any CPU.ActiveCfg = Debug|Any CPU
		{A05AFC3E-8CB0-4124-B040-20046281147F}.Debug|Any CPU.Build.0 = Debug|Any CPU
		{A05AFC3E-8CB0-4124-B040-20046281147F}.Release|Any CPU.ActiveCfg = Release|Any CPU
		{A05AFC3E-8CB0-4124-B040-20046281147F}.Release|Any CPU.Build.0 = Release|Any CPU
		{BADD95C4-E6BF-44D8-BF33-F41F74285030}.Debug|Any CPU.ActiveCfg = Debug|Any CPU
		{BADD95C4-E6BF-44D8-BF33-F41F74285030}.Debug|Any CPU.Build.0 = Debug|Any CPU
		{BADD95C4-E6BF-44D8-BF33-F41F74285030}.Release|Any CPU.ActiveCfg = Release|Any CPU
		{BADD95C4-E6BF-44D8-BF33-F41F74285030}.Release|Any CPU.Build.0 = Release|Any CPU
		{3BE0B0D5-27A5-479B-83FB-37F5ECEBD1F7}.Debug|Any CPU.ActiveCfg = Debug|Any CPU
		{3BE0B0D5-27A5-479B-83FB-37F5ECEBD1F7}.Debug|Any CPU.Build.0 = Debug|Any CPU
		{3BE0B0D5-27A5-479B-83FB-37F5ECEBD1F7}.Release|Any CPU.ActiveCfg = Release|Any CPU
		{3BE0B0D5-27A5-479B-83FB-37F5ECEBD1F7}.Release|Any CPU.Build.0 = Release|Any CPU
		{36158506-6888-4DE0-867F-9455A4AC254F}.Debug|Any CPU.ActiveCfg = Debug|Any CPU
		{36158506-6888-4DE0-867F-9455A4AC254F}.Debug|Any CPU.Build.0 = Debug|Any CPU
		{36158506-6888-4DE0-867F-9455A4AC254F}.Release|Any CPU.ActiveCfg = Release|Any CPU
		{36158506-6888-4DE0-867F-9455A4AC254F}.Release|Any CPU.Build.0 = Release|Any CPU
		{30EBA92D-9B29-4A86-B3C3-180EBF2C3F45}.Debug|Any CPU.ActiveCfg = Debug|Any CPU
		{30EBA92D-9B29-4A86-B3C3-180EBF2C3F45}.Debug|Any CPU.Build.0 = Debug|Any CPU
		{30EBA92D-9B29-4A86-B3C3-180EBF2C3F45}.Release|Any CPU.ActiveCfg = Release|Any CPU
		{30EBA92D-9B29-4A86-B3C3-180EBF2C3F45}.Release|Any CPU.Build.0 = Release|Any CPU
		{A14734CF-E346-4196-80C6-D9DFE215F86B}.Debug|Any CPU.ActiveCfg = Debug|Any CPU
		{A14734CF-E346-4196-80C6-D9DFE215F86B}.Debug|Any CPU.Build.0 = Debug|Any CPU
		{A14734CF-E346-4196-80C6-D9DFE215F86B}.Release|Any CPU.ActiveCfg = Release|Any CPU
		{A14734CF-E346-4196-80C6-D9DFE215F86B}.Release|Any CPU.Build.0 = Release|Any CPU
		{ABC750FB-948B-478C-BB15-6E3738D9CF7A}.Debug|Any CPU.ActiveCfg = Debug|Any CPU
		{ABC750FB-948B-478C-BB15-6E3738D9CF7A}.Debug|Any CPU.Build.0 = Debug|Any CPU
		{ABC750FB-948B-478C-BB15-6E3738D9CF7A}.Release|Any CPU.ActiveCfg = Release|Any CPU
		{ABC750FB-948B-478C-BB15-6E3738D9CF7A}.Release|Any CPU.Build.0 = Release|Any CPU
		{F9A791A3-6DA9-4ECE-807B-222E38A9A02E}.Debug|Any CPU.ActiveCfg = Debug|Any CPU
		{F9A791A3-6DA9-4ECE-807B-222E38A9A02E}.Debug|Any CPU.Build.0 = Debug|Any CPU
		{F9A791A3-6DA9-4ECE-807B-222E38A9A02E}.Release|Any CPU.ActiveCfg = Release|Any CPU
		{F9A791A3-6DA9-4ECE-807B-222E38A9A02E}.Release|Any CPU.Build.0 = Release|Any CPU
		{AAFAAE75-D19C-4AFC-916A-BDEB0FEB96AD}.Debug|Any CPU.ActiveCfg = Debug|Any CPU
		{AAFAAE75-D19C-4AFC-916A-BDEB0FEB96AD}.Debug|Any CPU.Build.0 = Debug|Any CPU
		{AAFAAE75-D19C-4AFC-916A-BDEB0FEB96AD}.Release|Any CPU.ActiveCfg = Release|Any CPU
		{AAFAAE75-D19C-4AFC-916A-BDEB0FEB96AD}.Release|Any CPU.Build.0 = Release|Any CPU
		{68D4A220-428E-4E9C-9A34-0E4D70DE9791}.Debug|Any CPU.ActiveCfg = Debug|Any CPU
		{68D4A220-428E-4E9C-9A34-0E4D70DE9791}.Debug|Any CPU.Build.0 = Debug|Any CPU
		{68D4A220-428E-4E9C-9A34-0E4D70DE9791}.Release|Any CPU.ActiveCfg = Release|Any CPU
		{68D4A220-428E-4E9C-9A34-0E4D70DE9791}.Release|Any CPU.Build.0 = Release|Any CPU
	EndGlobalSection
	GlobalSection(SolutionProperties) = preSolution
		HideSolutionNode = FALSE
	EndGlobalSection
	GlobalSection(ExtensibilityGlobals) = postSolution
		SolutionGuid = {5FE2D7C5-476C-4A5B-8A21-1F89897364B5}
	EndGlobalSection
EndGlobal
